# This file is automatically @generated by Cargo.
# It is not intended for manual editing.
version = 3

[[package]]
name = "basic"
version = "0.1.0"
dependencies = [
 "scan-rules",
]

[[package]]
name = "itertools"
version = "0.4.19"
source = "registry+https://github.com/rust-lang/crates.io-index"
checksum = "c4a9b56eb56058f43dc66e58f40a214b2ccbc9f3df51861b63d51dec7b65bc3f"

[[package]]
name = "lazy_static"
version = "0.1.16"
source = "registry+https://github.com/rust-lang/crates.io-index"
checksum = "cf186d1a8aa5f5bee5fd662bc9c1b949e0259e1bcc379d1f006847b0080c7417"

[[package]]
name = "rustc_version"
version = "0.1.7"
source = "registry+https://github.com/rust-lang/crates.io-index"
checksum = "c5f5376ea5e30ce23c03eb77cbe4962b988deead10910c372b226388b594c084"
dependencies = [
 "semver",
]

[[package]]
name = "scan-rules"
version = "0.2.0"
source = "registry+https://github.com/rust-lang/crates.io-index"
checksum = "fc8b462b0f8ce7deae199b4b5cecbbe01006f808408d815c09a9f7b11ee044ac"
dependencies = [
 "itertools",
 "lazy_static",
 "rustc_version",
 "strcursor",
]

[[package]]
name = "semver"
version = "0.1.20"
source = "registry+https://github.com/rust-lang/crates.io-index"
checksum = "d4f410fedcf71af0345d7607d246e7ad15faaadd49d240ee3b24e5dc21a820ac"

[[package]]
name = "strcursor"
version = "0.2.5"
source = "registry+https://github.com/rust-lang/crates.io-index"
checksum = "a53cb721e1f6d0dbba1296e2d7770edbec9a4888fdd8f6a22fea97a0a69b465a"
dependencies = [
 "rustc_version",
 "unicode-segmentation",
]

[[package]]
name = "unicode-segmentation"
version = "0.1.2"
source = "registry+https://github.com/rust-lang/crates.io-index"
checksum = "b905d0fc2a1f0befd86b0e72e31d1787944efef9d38b9358a9e92a69757f7e3b"
